
Microsoft Visual Studio Solution File, Format Version 12.00
# Visual Studio 2012
Project("{FAE04EC0-301F-11D3-BF4B-00C04F79EFBC}") = "TDLyutil", "TDLyutil\TDLyutil.csproj", "{2CCFC156-2154-4123-809E-729514F69A68}"
EndProject
Project("{FAE04EC0-301F-11D3-BF4B-00C04F79EFBC}") = "TDWP7AudioPlaybackAgent", "TDWP7AudioPlaybackAgent\TDWP7AudioPlaybackAgent.csproj", "{072F94F6-78F4-4C0A-814C-01E523C14E74}"
EndProject
Global
	GlobalSection(TeamFoundationVersionControl) = preSolution
		SccNumberOfProjects = 3
		SccEnterpriseProvider = {4CA58AB2-18FA-4F8D-95D4-32DDF27D184C}
		SccTeamFoundationServer = http://fs8:8080/tfs/defaultcollection
		SccLocalPath0 = .
		SccProjectUniqueName1 = TDLyutil\\TDLyutil.csproj
		SccProjectName1 = TDLyutil
		SccLocalPath1 = TDLyutil
		SccProjectUniqueName2 = TDWP7AudioPlaybackAgent\\TDWP7AudioPlaybackAgent.csproj
		SccProjectName2 = TDWP7AudioPlaybackAgent
		SccLocalPath2 = TDWP7AudioPlaybackAgent
	EndGlobalSection
	GlobalSection(SolutionConfigurationPlatforms) = preSolution
		Debug|Any CPU = Debug|Any CPU
		Release|Any CPU = Release|Any CPU
	EndGlobalSection
	GlobalSection(ProjectConfigurationPlatforms) = postSolution
		{2CCFC156-2154-4123-809E-729514F69A68}.Debug|Any CPU.ActiveCfg = Debug|Any CPU
		{2CCFC156-2154-4123-809E-729514F69A68}.Debug|Any CPU.Build.0 = Debug|Any CPU
		{2CCFC156-2154-4123-809E-729514F69A68}.Release|Any CPU.ActiveCfg = Release|Any CPU
		{2CCFC156-2154-4123-809E-729514F69A68}.Release|Any CPU.Build.0 = Release|Any CPU
		{072F94F6-78F4-4C0A-814C-01E523C14E74}.Debug|Any CPU.ActiveCfg = Debug|Any CPU
		{072F94F6-78F4-4C0A-814C-01E523C14E74}.Debug|Any CPU.Build.0 = Debug|Any CPU
		{072F94F6-78F4-4C0A-814C-01E523C14E74}.Release|Any CPU.ActiveCfg = Release|Any CPU
		{072F94F6-78F4-4C0A-814C-01E523C14E74}.Release|Any CPU.Build.0 = Release|Any CPU
	EndGlobalSection
	GlobalSection(SolutionProperties) = preSolution
		HideSolutionNode = FALSE
	EndGlobalSection
EndGlobal
